
Microsoft Visual Studio Solution File, Format Version 12.00
# Visual Studio 15
VisualStudioVersion = 15.0.26403.0
MinimumVisualStudioVersion = 10.0.40219.1
Project("{FAE04EC0-301F-11D3-BF4B-00C04F79EFBC}") = "Linqy.Tests", "Linqy.Tests\Linqy.Tests.csproj", "{9F83CD1D-8FEA-4C54-9F29-0F6A56443C69}"
EndProject
Project("{FAE04EC0-301F-11D3-BF4B-00C04F79EFBC}") = "Linqy", "Linqy\Linqy.csproj", "{660B56DB-A2BE-4D34-BEB3-F3311F0070FC}"
EndProject
Project("{2150E333-8FDC-42A3-9474-1A3956D46DE8}") = "Solution Items", "Solution Items", "{21756CA7-7F89-4E57-AE43-52644BC334B0}"
	ProjectSection(SolutionItems) = preProject
		.editorconfig = .editorconfig
		.gitattributes = .gitattributes
		.gitignore = .gitignore
		CHANGELOG.md = CHANGELOG.md
		EXAMPLES.md = EXAMPLES.md
		LICENSE.md = LICENSE.md
		README.md = README.md
		SIGNING.md = SIGNING.md
	EndProjectSection
EndProject
Global
	GlobalSection(SolutionConfigurationPlatforms) = preSolution
		Debug|Any CPU = Debug|Any CPU
		Release|Any CPU = Release|Any CPU
	EndGlobalSection
	GlobalSection(ProjectConfigurationPlatforms) = postSolution
		{9F83CD1D-8FEA-4C54-9F29-0F6A56443C69}.Debug|Any CPU.ActiveCfg = Debug|Any CPU
		{9F83CD1D-8FEA-4C54-9F29-0F6A56443C69}.Debug|Any CPU.Build.0 = Debug|Any CPU
		{9F83CD1D-8FEA-4C54-9F29-0F6A56443C69}.Release|Any CPU.ActiveCfg = Release|Any CPU
		{9F83CD1D-8FEA-4C54-9F29-0F6A56443C69}.Release|Any CPU.Build.0 = Release|Any CPU
		{660B56DB-A2BE-4D34-BEB3-F3311F0070FC}.Debug|Any CPU.ActiveCfg = Debug|Any CPU
		{660B56DB-A2BE-4D34-BEB3-F3311F0070FC}.Debug|Any CPU.Build.0 = Debug|Any CPU
		{660B56DB-A2BE-4D34-BEB3-F3311F0070FC}.Release|Any CPU.ActiveCfg = Release|Any CPU
		{660B56DB-A2BE-4D34-BEB3-F3311F0070FC}.Release|Any CPU.Build.0 = Release|Any CPU
	EndGlobalSection
	GlobalSection(SolutionProperties) = preSolution
		HideSolutionNode = FALSE
	EndGlobalSection
EndGlobal
